
Microsoft Visual Studio Solution File, Format Version 12.00
Project("{FAE04EC0-301F-11D3-BF4B-00C04F79EFBC}") = "HelloWorld", "HelloWorld\HelloWorld.csproj", "{446CD434-7B6D-4562-AD51-60F88D9271EC}"
EndProject
Global
	GlobalSection(SolutionConfigurationPlatforms) = preSolution
		Debug|Any CPU = Debug|Any CPU
		Release|Any CPU = Release|Any CPU
	EndGlobalSection
	GlobalSection(ProjectConfigurationPlatforms) = postSolution
		{446CD434-7B6D-4562-AD51-60F88D9271EC}.Debug|Any CPU.ActiveCfg = Debug|Any CPU
		{446CD434-7B6D-4562-AD51-60F88D9271EC}.Debug|Any CPU.Build.0 = Debug|Any CPU
		{446CD434-7B6D-4562-AD51-60F88D9271EC}.Release|Any CPU.ActiveCfg = Release|Any CPU
		{446CD434-7B6D-4562-AD51-60F88D9271EC}.Release|Any CPU.Build.0 = Release|Any CPU
	EndGlobalSection
EndGlobal
