
Microsoft Visual Studio Solution File, Format Version 12.00
Project("{FAE04EC0-301F-11D3-BF4B-00C04F79EFBC}") = "Structs", "Structs\Structs.csproj", "{C6BED7FD-EB3E-4BA3-9C7B-42754D740142}"
EndProject
Global
	GlobalSection(SolutionConfigurationPlatforms) = preSolution
		Debug|Any CPU = Debug|Any CPU
		Release|Any CPU = Release|Any CPU
	EndGlobalSection
	GlobalSection(ProjectConfigurationPlatforms) = postSolution
		{C6BED7FD-EB3E-4BA3-9C7B-42754D740142}.Debug|Any CPU.ActiveCfg = Debug|Any CPU
		{C6BED7FD-EB3E-4BA3-9C7B-42754D740142}.Debug|Any CPU.Build.0 = Debug|Any CPU
		{C6BED7FD-EB3E-4BA3-9C7B-42754D740142}.Release|Any CPU.ActiveCfg = Release|Any CPU
		{C6BED7FD-EB3E-4BA3-9C7B-42754D740142}.Release|Any CPU.Build.0 = Release|Any CPU
	EndGlobalSection
EndGlobal
