
Microsoft Visual Studio Solution File, Format Version 12.00
Project("{FAE04EC0-301F-11D3-BF4B-00C04F79EFBC}") = "WorkingWithText", "WorkingWithText\WorkingWithText.csproj", "{EFD9136E-EE00-41B7-A414-4DA115F5D224}"
EndProject
Global
	GlobalSection(SolutionConfigurationPlatforms) = preSolution
		Debug|Any CPU = Debug|Any CPU
		Release|Any CPU = Release|Any CPU
	EndGlobalSection
	GlobalSection(ProjectConfigurationPlatforms) = postSolution
		{EFD9136E-EE00-41B7-A414-4DA115F5D224}.Debug|Any CPU.ActiveCfg = Debug|Any CPU
		{EFD9136E-EE00-41B7-A414-4DA115F5D224}.Debug|Any CPU.Build.0 = Debug|Any CPU
		{EFD9136E-EE00-41B7-A414-4DA115F5D224}.Release|Any CPU.ActiveCfg = Release|Any CPU
		{EFD9136E-EE00-41B7-A414-4DA115F5D224}.Release|Any CPU.Build.0 = Release|Any CPU
	EndGlobalSection
EndGlobal
